
Microsoft Visual Studio Solution File, Format Version 12.00
# Visual Studio Version 17
VisualStudioVersion = 17.1.32328.378
MinimumVisualStudioVersion = 10.0.40219.1
Project("{9A19103F-16F7-4668-BE54-9A1E7A4F7556}") = "e_agenda.WinApp", "e_agenda.WinApp\e_agenda.WinApp.csproj", "{DC440CEF-B9D2-42FC-BD24-89177CE4260D}"
EndProject
Project("{2150E333-8FDC-42A3-9474-1A3956D46DE8}") = "1- Apresentação", "1- Apresentação", "{D0E30F00-96A2-410A-9F45-B04AA37EE77A}"
EndProject
Project("{2150E333-8FDC-42A3-9474-1A3956D46DE8}") = "2- Dominio", "2- Dominio", "{26E4B50C-FD3A-4E35-BBF7-65617EF08693}"
EndProject
Project("{FAE04EC0-301F-11D3-BF4B-00C04F79EFBC}") = "e-agenda.ConsoleApp", "e-agenda.ConsoleApp\e-agenda.ConsoleApp.csproj", "{531AC766-4C49-4C0B-B774-0B93BA3837B5}"
EndProject
Project("{FAE04EC0-301F-11D3-BF4B-00C04F79EFBC}") = "e-Agenda.Dominio", "e-Agenda.Dominio\e-Agenda.Dominio.csproj", "{9DB0217E-1CD1-45F2-8BC3-1D6932A12542}"
EndProject
Project("{2150E333-8FDC-42A3-9474-1A3956D46DE8}") = "3-Infra", "3-Infra", "{DE1C0D0D-75D8-4F69-9A18-E72B1794256D}"
EndProject
Project("{FAE04EC0-301F-11D3-BF4B-00C04F79EFBC}") = "e-Agenda.Infra.Arquivo", "e-Agenda.Infra.Arquivo\e-Agenda.Infra.Arquivo.csproj", "{6A8D8E09-6AC2-4292-A413-304B07245672}"
EndProject
Global
	GlobalSection(SolutionConfigurationPlatforms) = preSolution
		Debug|Any CPU = Debug|Any CPU
		Release|Any CPU = Release|Any CPU
	EndGlobalSection
	GlobalSection(ProjectConfigurationPlatforms) = postSolution
		{DC440CEF-B9D2-42FC-BD24-89177CE4260D}.Debug|Any CPU.ActiveCfg = Debug|Any CPU
		{DC440CEF-B9D2-42FC-BD24-89177CE4260D}.Debug|Any CPU.Build.0 = Debug|Any CPU
		{DC440CEF-B9D2-42FC-BD24-89177CE4260D}.Release|Any CPU.ActiveCfg = Release|Any CPU
		{DC440CEF-B9D2-42FC-BD24-89177CE4260D}.Release|Any CPU.Build.0 = Release|Any CPU
		{531AC766-4C49-4C0B-B774-0B93BA3837B5}.Debug|Any CPU.ActiveCfg = Debug|Any CPU
		{531AC766-4C49-4C0B-B774-0B93BA3837B5}.Debug|Any CPU.Build.0 = Debug|Any CPU
		{531AC766-4C49-4C0B-B774-0B93BA3837B5}.Release|Any CPU.ActiveCfg = Release|Any CPU
		{531AC766-4C49-4C0B-B774-0B93BA3837B5}.Release|Any CPU.Build.0 = Release|Any CPU
		{9DB0217E-1CD1-45F2-8BC3-1D6932A12542}.Debug|Any CPU.ActiveCfg = Debug|Any CPU
		{9DB0217E-1CD1-45F2-8BC3-1D6932A12542}.Debug|Any CPU.Build.0 = Debug|Any CPU
		{9DB0217E-1CD1-45F2-8BC3-1D6932A12542}.Release|Any CPU.ActiveCfg = Release|Any CPU
		{9DB0217E-1CD1-45F2-8BC3-1D6932A12542}.Release|Any CPU.Build.0 = Release|Any CPU
		{6A8D8E09-6AC2-4292-A413-304B07245672}.Debug|Any CPU.ActiveCfg = Debug|Any CPU
		{6A8D8E09-6AC2-4292-A413-304B07245672}.Debug|Any CPU.Build.0 = Debug|Any CPU
		{6A8D8E09-6AC2-4292-A413-304B07245672}.Release|Any CPU.ActiveCfg = Release|Any CPU
		{6A8D8E09-6AC2-4292-A413-304B07245672}.Release|Any CPU.Build.0 = Release|Any CPU
	EndGlobalSection
	GlobalSection(SolutionProperties) = preSolution
		HideSolutionNode = FALSE
	EndGlobalSection
	GlobalSection(NestedProjects) = preSolution
		{DC440CEF-B9D2-42FC-BD24-89177CE4260D} = {D0E30F00-96A2-410A-9F45-B04AA37EE77A}
		{531AC766-4C49-4C0B-B774-0B93BA3837B5} = {D0E30F00-96A2-410A-9F45-B04AA37EE77A}
		{9DB0217E-1CD1-45F2-8BC3-1D6932A12542} = {26E4B50C-FD3A-4E35-BBF7-65617EF08693}
		{6A8D8E09-6AC2-4292-A413-304B07245672} = {DE1C0D0D-75D8-4F69-9A18-E72B1794256D}
	EndGlobalSection
	GlobalSection(ExtensibilityGlobals) = postSolution
		SolutionGuid = {831601CE-6EB7-4A34-ACE1-8904B635F19A}
	EndGlobalSection
EndGlobal
